# This file is automatically @generated by Cargo.
# It is not intended for manual editing.
version = 3

[[package]]
name = "ark_cli"
version = "0.1.0"
dependencies = [
 "ark_core",
 "ark_model",
 "ark_replay",
 "ark_selfplay",
]

[[package]]
name = "ark_core"
version = "0.1.0"

[[package]]
name = "ark_model"
version = "0.1.0"
dependencies = [
 "ark_core",
]

[[package]]
name = "ark_replay"
version = "0.1.0"
dependencies = [
 "ark_core",
 "ark_model",
]

[[package]]
name = "ark_selfplay"
version = "0.1.0"
dependencies = [
 "ark_core",
 "ark_model",
 "ark_replay",
]
